{
	"name": "shared-utils",
	"version": "0.0.4",
	"lockfileVersion": 1,
	"requires": true,
	"dependencies": {
		"@babel/runtime": {
			"version": "7.15.4",
			"resolved": "https://registry.nlark.com/@babel/runtime/download/@babel/runtime-7.15.4.tgz?cache=0&sync_timestamp=1630619277795&other_urls=https%3A%2F%2Fregistry.nlark.com%2F%40babel%2Fruntime%2Fdownload%2F%40babel%2Fruntime-7.15.4.tgz",
			"integrity": "sha1-/RfRa/34eObdAtGXU6OfqKjZyEo=",
			"requires": {
				"regenerator-runtime": "^0.13.4"
			}
		},
		"@tarojs/api": {
			"version": "3.3.10",
			"resolved": "https://registry.npmmirror.com/@tarojs/api/download/@tarojs/api-3.3.10.tgz?cache=0&sync_timestamp=1634307868172&other_urls=https%3A%2F%2Fregistry.npmmirror.com%2F%40tarojs%2Fapi%2Fdownload%2F%40tarojs%2Fapi-3.3.10.tgz",
			"integrity": "sha1-J/O0oCnTcPHG+9jJjNAsGj/hCsM=",
			"requires": {
				"@babel/runtime": "^7.11.2",
				"@tarojs/runtime": "3.3.10"
			}
		},
		"@tarojs/router": {
			"version": "3.3.10",
			"resolved": "https://registry.npmmirror.com/@tarojs/router/download/@tarojs/router-3.3.10.tgz?cache=0&sync_timestamp=1634307883829&other_urls=https%3A%2F%2Fregistry.npmmirror.com%2F%40tarojs%2Frouter%2Fdownload%2F%40tarojs%2Frouter-3.3.10.tgz",
			"integrity": "sha1-HPYxzRwKEpLXlv0S2xlV6cGlC5A=",
			"requires": {
				"@tarojs/runtime": "3.3.10",
				"history": "^5.0.0",
				"query-string": "^6.13.8",
				"universal-router": "^8.3.0",
				"url-parse": "^1.4.7"
			}
		},
		"@tarojs/runtime": {
			"version": "3.3.10",
			"resolved": "https://registry.npmmirror.com/@tarojs/runtime/download/@tarojs/runtime-3.3.10.tgz?cache=0&sync_timestamp=1634307882992&other_urls=https%3A%2F%2Fregistry.npmmirror.com%2F%40tarojs%2Fruntime%2Fdownload%2F%40tarojs%2Fruntime-3.3.10.tgz",
			"integrity": "sha1-AmYUVlSy47ALQWilEVpMfCSEPUc=",
			"requires": {
				"@tarojs/shared": "3.3.10",
				"inversify": "5.1.1",
				"lodash-es": "4.17.15",
				"reflect-metadata": "^0.1.13"
			}
		},
		"@tarojs/shared": {
			"version": "3.3.10",
			"resolved": "https://registry.npmmirror.com/@tarojs/shared/download/@tarojs/shared-3.3.10.tgz?cache=0&sync_timestamp=1634307865278&other_urls=https%3A%2F%2Fregistry.npmmirror.com%2F%40tarojs%2Fshared%2Fdownload%2F%40tarojs%2Fshared-3.3.10.tgz",
			"integrity": "sha1-aAdaKrt1T5NvcDRmUI7K5eIuvys="
		},
		"@tarojs/taro": {
			"version": "3.3.10",
			"resolved": "https://registry.npmmirror.com/@tarojs/taro/download/@tarojs/taro-3.3.10.tgz?cache=0&sync_timestamp=1634307868431&other_urls=https%3A%2F%2Fregistry.npmmirror.com%2F%40tarojs%2Ftaro%2Fdownload%2F%40tarojs%2Ftaro-3.3.10.tgz",
			"integrity": "sha1-HF+Qeb47vlkDyZUzQo8KRI5sK7I=",
			"requires": {
				"@tarojs/api": "3.3.10",
				"@tarojs/runtime": "3.3.10",
				"@tarojs/taro-h5": "3.3.10"
			}
		},
		"@tarojs/taro-h5": {
			"version": "3.3.10",
			"resolved": "https://registry.npmmirror.com/@tarojs/taro-h5/download/@tarojs/taro-h5-3.3.10.tgz?cache=0&sync_timestamp=1634307868830&other_urls=https%3A%2F%2Fregistry.npmmirror.com%2F%40tarojs%2Ftaro-h5%2Fdownload%2F%40tarojs%2Ftaro-h5-3.3.10.tgz",
			"integrity": "sha1-KfXTriuJm8VYZqZvKdSQCkhq0MU=",
			"requires": {
				"@tarojs/api": "3.3.10",
				"@tarojs/router": "3.3.10",
				"@tarojs/runtime": "3.3.10",
				"base64-js": "^1.3.0",
				"jsonp-retry": "^1.0.3",
				"mobile-detect": "^1.4.2",
				"raf": "^3.4.1",
				"whatwg-fetch": "^3.4.0"
			}
		},
		"base64-js": {
			"version": "1.5.1",
			"resolved": "https://registry.npm.taobao.org/base64-js/download/base64-js-1.5.1.tgz",
			"integrity": "sha1-GxtEAWClv3rUC2UPCVljSBkDkwo="
		},
		"decode-uri-component": {
			"version": "0.2.0",
			"resolved": "https://registry.npm.taobao.org/decode-uri-component/download/decode-uri-component-0.2.0.tgz",
			"integrity": "sha1-6zkTMzRYd1y4TNGh+uBiEGu4dUU="
		},
		"filter-obj": {
			"version": "1.1.0",
			"resolved": "https://registry.nlark.com/filter-obj/download/filter-obj-1.1.0.tgz?cache=0&sync_timestamp=1630004180503&other_urls=https%3A%2F%2Fregistry.nlark.com%2Ffilter-obj%2Fdownload%2Ffilter-obj-1.1.0.tgz",
			"integrity": "sha1-mzERErxsYSehbgFsbF1/GeCAXFs="
		},
		"history": {
			"version": "5.0.1",
			"resolved": "https://registry.nlark.com/history/download/history-5.0.1.tgz?cache=0&sync_timestamp=1628892318943&other_urls=https%3A%2F%2Fregistry.nlark.com%2Fhistory%2Fdownload%2Fhistory-5.0.1.tgz",
			"integrity": "sha1-3jUCXtCLzg22I2S0frv52XtesGo=",
			"requires": {
				"@babel/runtime": "^7.7.6"
			}
		},
		"inversify": {
			"version": "5.1.1",
			"resolved": "https://registry.npmmirror.com/inversify/download/inversify-5.1.1.tgz",
			"integrity": "sha1-b71mjFkTN0BOAFoZRr/g2ALAhzA="
		},
		"jsonp-retry": {
			"version": "1.0.3",
			"resolved": "https://registry.npm.taobao.org/jsonp-retry/download/jsonp-retry-1.0.3.tgz",
			"integrity": "sha1-nmsYsC7HZ6Yh3US06ZQ5qKQ6ZBk=",
			"requires": {
				"object-assign": "^4.1.1"
			}
		},
		"lodash-es": {
			"version": "4.17.15",
			"resolved": "https://registry.npm.taobao.org/lodash-es/download/lodash-es-4.17.15.tgz?cache=0&sync_timestamp=1613835893273&other_urls=https%3A%2F%2Fregistry.npm.taobao.org%2Flodash-es%2Fdownload%2Flodash-es-4.17.15.tgz",
			"integrity": "sha1-Ib2Wg5NUQS8j16EDQOXqxu5FXXg="
		},
		"mobile-detect": {
			"version": "1.4.5",
			"resolved": "https://registry.npm.taobao.org/mobile-detect/download/mobile-detect-1.4.5.tgz?cache=0&sync_timestamp=1615627384588&other_urls=https%3A%2F%2Fregistry.npm.taobao.org%2Fmobile-detect%2Fdownload%2Fmobile-detect-1.4.5.tgz",
			"integrity": "sha1-2jk8PEE8oam83ZztZTw4KBwPtq0="
		},
		"object-assign": {
			"version": "4.1.1",
			"resolved": "https://registry.npm.taobao.org/object-assign/download/object-assign-4.1.1.tgz",
			"integrity": "sha1-IQmtx5ZYh8/AXLvUQsrIv7s2CGM="
		},
		"path-to-regexp": {
			"version": "3.2.0",
			"resolved": "https://registry.npm.taobao.org/path-to-regexp/download/path-to-regexp-3.2.0.tgz",
			"integrity": "sha1-+nh37LxJXGAZB1YiIkU8Q8wgSl8="
		},
		"performance-now": {
			"version": "2.1.0",
			"resolved": "https://registry.npm.taobao.org/performance-now/download/performance-now-2.1.0.tgz",
			"integrity": "sha1-Ywn04OX6kT7BxpMHrjZLSzd8nns="
		},
		"query-string": {
			"version": "6.14.1",
			"resolved": "https://registry.nlark.com/query-string/download/query-string-6.14.1.tgz?cache=0&other_urls=https%3A%2F%2Fregistry.nlark.com%2Fquery-string%2Fdownload%2Fquery-string-6.14.1.tgz",
			"integrity": "sha1-esLcpG2n8wlEm6D4ax/SglWwyGo=",
			"requires": {
				"decode-uri-component": "^0.2.0",
				"filter-obj": "^1.1.0",
				"split-on-first": "^1.0.0",
				"strict-uri-encode": "^2.0.0"
			}
		},
		"querystringify": {
			"version": "2.2.0",
			"resolved": "https://registry.npm.taobao.org/querystringify/download/querystringify-2.2.0.tgz",
			"integrity": "sha1-M0WUG0FTy50ILY7uTNogFqmu9/Y="
		},
		"raf": {
			"version": "3.4.1",
			"resolved": "https://registry.npm.taobao.org/raf/download/raf-3.4.1.tgz",
			"integrity": "sha1-B0LpmkplUvRF1z4+4DKK8P8e3jk=",
			"requires": {
				"performance-now": "^2.1.0"
			}
		},
		"reflect-metadata": {
			"version": "0.1.13",
			"resolved": "https://registry.npm.taobao.org/reflect-metadata/download/reflect-metadata-0.1.13.tgz",
			"integrity": "sha1-Z648pXyXKiqhZCsQ/jY/4y1J3Ag="
		},
		"regenerator-runtime": {
			"version": "0.13.9",
			"resolved": "https://registry.nlark.com/regenerator-runtime/download/regenerator-runtime-0.13.9.tgz?cache=0&sync_timestamp=1626993001371&other_urls=https%3A%2F%2Fregistry.nlark.com%2Fregenerator-runtime%2Fdownload%2Fregenerator-runtime-0.13.9.tgz",
			"integrity": "sha1-iSV0Kpj/2QgUmI11Zq0wyjsmO1I="
		},
		"requires-port": {
			"version": "1.0.0",
			"resolved": "https://registry.npm.taobao.org/requires-port/download/requires-port-1.0.0.tgz",
			"integrity": "sha1-kl0mAdOaxIXgkc8NpcbmlNw9yv8="
		},
		"split-on-first": {
			"version": "1.1.0",
			"resolved": "https://registry.nlark.com/split-on-first/download/split-on-first-1.1.0.tgz",
			"integrity": "sha1-9hCv7uOxK84dDDBCXnY5i3gkml8="
		},
		"strict-uri-encode": {
			"version": "2.0.0",
			"resolved": "https://registry.npm.taobao.org/strict-uri-encode/download/strict-uri-encode-2.0.0.tgz",
			"integrity": "sha1-ucczDHBChi9rFC3CdLvMWGbONUY="
		},
		"universal-router": {
			"version": "8.3.0",
			"resolved": "https://registry.nlark.com/universal-router/download/universal-router-8.3.0.tgz?cache=0&sync_timestamp=1624462107331&other_urls=https%3A%2F%2Fregistry.nlark.com%2Funiversal-router%2Fdownload%2Funiversal-router-8.3.0.tgz",
			"integrity": "sha1-UzvOE117Gr9ZFCHF0gKNVEB6NKA=",
			"requires": {
				"path-to-regexp": "^3.1.0"
			}
		},
		"url-parse": {
			"version": "1.5.3",
			"resolved": "https://registry.nlark.com/url-parse/download/url-parse-1.5.3.tgz",
			"integrity": "sha1-ccEwPTj7Zjmt4YPCmSyMwGht+GI=",
			"requires": {
				"querystringify": "^2.1.1",
				"requires-port": "^1.0.0"
			}
		},
		"whatwg-fetch": {
			"version": "3.6.2",
			"resolved": "https://registry.npm.taobao.org/whatwg-fetch/download/whatwg-fetch-3.6.2.tgz?cache=0&sync_timestamp=1614451682342&other_urls=https%3A%2F%2Fregistry.npm.taobao.org%2Fwhatwg-fetch%2Fdownload%2Fwhatwg-fetch-3.6.2.tgz",
			"integrity": "sha1-3O0k838mJO0CgXJdUdDi4/5nf4w="
		}
	}
}
